Microsoft Visual Studio Solution File, Format Version 12.00
# Visual Studio Version 16
VisualStudioVersion = 16.0.30114.105
MinimumVisualStudioVersion = 10.0.40219.1
Project("{FAE04EC0-301F-11D3-BF4B-00C04F79EFBC}") = "LabelAnnotator", "LabelAnnotator.csproj", "{B9C4E05D-D2F6-4F70-A9C7-1C82884E4794}"
EndProject
Global
	GlobalSection(SolutionConfigurationPlatforms) = preSolution
		Debug|Any CPU = Debug|Any CPU
		Release|Any CPU = Release|Any CPU
	EndGlobalSection
	GlobalSection(ProjectConfigurationPlatforms) = postSolution
		{B9C4E05D-D2F6-4F70-A9C7-1C82884E4794}.Debug|Any CPU.ActiveCfg = Debug|Any CPU
		{B9C4E05D-D2F6-4F70-A9C7-1C82884E4794}.Debug|Any CPU.Build.0 = Debug|Any CPU
		{B9C4E05D-D2F6-4F70-A9C7-1C82884E4794}.Release|Any CPU.ActiveCfg = Release|Any CPU
		{B9C4E05D-D2F6-4F70-A9C7-1C82884E4794}.Release|Any CPU.Build.0 = Release|Any CPU
	EndGlobalSection
	GlobalSection(SolutionProperties) = preSolution
		HideSolutionNode = FALSE
	EndGlobalSection
	GlobalSection(ExtensibilityGlobals) = postSolution
		SolutionGuid = {C74EE01B-1A72-4565-A3A1-3C0E4B692EB6}
	EndGlobalSection
EndGlobal
